
Microsoft Visual Studio Solution File, Format Version 12.00
Project("{FAE04EC0-301F-11D3-BF4B-00C04F79EFBC}") = "LicenceKey.Api", "LicenceKey.Api\LicenceKey.Api.csproj", "{F9C3DE90-293A-4EEC-B425-02CA9604F967}"
EndProject
Global
	GlobalSection(SolutionConfigurationPlatforms) = preSolution
		Debug|Any CPU = Debug|Any CPU
		Release|Any CPU = Release|Any CPU
	EndGlobalSection
	GlobalSection(ProjectConfigurationPlatforms) = postSolution
		{F9C3DE90-293A-4EEC-B425-02CA9604F967}.Debug|Any CPU.ActiveCfg = Debug|Any CPU
		{F9C3DE90-293A-4EEC-B425-02CA9604F967}.Debug|Any CPU.Build.0 = Debug|Any CPU
		{F9C3DE90-293A-4EEC-B425-02CA9604F967}.Release|Any CPU.ActiveCfg = Release|Any CPU
		{F9C3DE90-293A-4EEC-B425-02CA9604F967}.Release|Any CPU.Build.0 = Release|Any CPU
	EndGlobalSection
EndGlobal
